// !$*UTF8*$!
{
	archiveVersion = 1;
	classes = {
	};
	objectVersion = 46;
	objects = {

/* Begin PBXBuildFile section */
		1B3F17B41AE8400E00A70A56 /* AppDelegate.swift in Sources */ = {isa = PBXBuildFile; fileRef = 1B3F17B31AE8400E00A70A56 /* AppDelegate.swift */; };
		1B3F17B71AE8400E00A70A56 /* SwiftCooking.xcdatamodeld in Sources */ = {isa = PBXBuildFile; fileRef = 1B3F17B51AE8400E00A70A56 /* SwiftCooking.xcdatamodeld */; };
		1B3F17B91AE8400E00A70A56 /* MainMenu.swift in Sources */ = {isa = PBXBuildFile; fileRef = 1B3F17B81AE8400E00A70A56 /* MainMenu.swift */; };
		1B3F17BC1AE8400E00A70A56 /* Main.storyboard in Resources */ = {isa = PBXBuildFile; fileRef = 1B3F17BA1AE8400E00A70A56 /* Main.storyboard */; };
		1B3F17BE1AE8400E00A70A56 /* Images.xcassets in Resources */ = {isa = PBXBuildFile; fileRef = 1B3F17BD1AE8400E00A70A56 /* Images.xcassets */; };
		1B3F17C11AE8400E00A70A56 /* LaunchScreen.xib in Resources */ = {isa = PBXBuildFile; fileRef = 1B3F17BF1AE8400E00A70A56 /* LaunchScreen.xib */; };
		1B3F17CD1AE8400E00A70A56 /* SwiftCookingTests.swift in Sources */ = {isa = PBXBuildFile; fileRef = 1B3F17CC1AE8400E00A70A56 /* SwiftCookingTests.swift */; };
		1B3F17DA1AE842EA00A70A56 /* Favourites.swift in Sources */ = {isa = PBXBuildFile; fileRef = 1B3F17D91AE842EA00A70A56 /* Favourites.swift */; };
		1B3F17DC1AE842FC00A70A56 /* FriendsRecipes.swift in Sources */ = {isa = PBXBuildFile; fileRef = 1B3F17DB1AE842FC00A70A56 /* FriendsRecipes.swift */; };
		1B3F17DE1AE8430A00A70A56 /* My Recipes.swift in Sources */ = {isa = PBXBuildFile; fileRef = 1B3F17DD1AE8430A00A70A56 /* My Recipes.swift */; };
		1B3F17E01AE8432E00A70A56 /* ShoppingCart.swift in Sources */ = {isa = PBXBuildFile; fileRef = 1B3F17DF1AE8432E00A70A56 /* ShoppingCart.swift */; };
		1B7CD9411AED558C00D20941 /* CustomCollection.swift in Sources */ = {isa = PBXBuildFile; fileRef = 1B7CD9401AED558C00D20941 /* CustomCollection.swift */; };
		1BA60E901AEC587500EAA2F8 /* AllRecipes.swift in Sources */ = {isa = PBXBuildFile; fileRef = 1BA60E8F1AEC587500EAA2F8 /* AllRecipes.swift */; };
		1BD278331AF960F900EBB32B /* RecipeSummary.swift in Sources */ = {isa = PBXBuildFile; fileRef = 1BD278321AF960F900EBB32B /* RecipeSummary.swift */; };
		1BD69CF51AFE9A4700669B3E /* AddRecipe.swift in Sources */ = {isa = PBXBuildFile; fileRef = 1BD69CF41AFE9A4700669B3E /* AddRecipe.swift */; };
/* End PBXBuildFile section */

/* Begin PBXContainerItemProxy section */
		1B3F17C71AE8400E00A70A56 /* PBXContainerItemProxy */ = {
			isa = PBXContainerItemProxy;
			containerPortal = 1B3F17A61AE8400E00A70A56 /* Project object */;
			proxyType = 1;
			remoteGlobalIDString = 1B3F17AD1AE8400E00A70A56;
			remoteInfo = SwiftCooking;
		};
/* End PBXContainerItemProxy section */

/* Begin PBXFileReference section */
		1B3F17AE1AE8400E00A70A56 /* SwiftCooking.app */ = {isa = PBXFileReference; explicitFileType = wrapper.application; includeInIndex = 0; path = SwiftCooking.app; sourceTree = BUILT_PRODUCTS_DIR; };
		1B3F17B21AE8400E00A70A56 /* Info.plist */ = {isa = PBXFileReference; lastKnownFileType = text.plist.xml; path = Info.plist; sourceTree = "<group>"; };
		1B3F17B31AE8400E00A70A56 /* AppDelegate.swift */ = {isa = PBXFileReference; lastKnownFileType = sourcecode.swift; path = AppDelegate.swift; sourceTree = "<group>"; };
		1B3F17B61AE8400E00A70A56 /* SwiftCooking.xcdatamodel */ = {isa = PBXFileReference; lastKnownFileType = wrapper.xcdatamodel; path = SwiftCooking.xcdatamodel; sourceTree = "<group>"; };
		1B3F17B81AE8400E00A70A56 /* MainMenu.swift */ = {isa = PBXFileReference; lastKnownFileType = sourcecode.swift; path = MainMenu.swift; sourceTree = "<group>"; };
		1B3F17BB1AE8400E00A70A56 /* Base */ = {isa = PBXFileReference; lastKnownFileType = file.storyboard; name = Base; path = Base.lproj/Main.storyboard; sourceTree = "<group>"; };
		1B3F17BD1AE8400E00A70A56 /* Images.xcassets */ = {isa = PBXFileReference; lastKnownFileType = folder.assetcatalog; path = Images.xcassets; sourceTree = "<group>"; };
		1B3F17C01AE8400E00A70A56 /* Base */ = {isa = PBXFileReference; lastKnownFileType = file.xib; name = Base; path = Base.lproj/LaunchScreen.xib; sourceTree = "<group>"; };
		1B3F17C61AE8400E00A70A56 /* SwiftCookingTests.xctest */ = {isa = PBXFileReference; explicitFileType = wrapper.cfbundle; includeInIndex = 0; path = SwiftCookingTests.xctest; sourceTree = BUILT_PRODUCTS_DIR; };
		1B3F17CB1AE8400E00A70A56 /* Info.plist */ = {isa = PBXFileReference; lastKnownFileType = text.plist.xml; path = Info.plist; sourceTree = "<group>"; };
		1B3F17CC1AE8400E00A70A56 /* SwiftCookingTests.swift */ = {isa = PBXFileReference; lastKnownFileType = sourcecode.swift; path = SwiftCookingTests.swift; sourceTree = "<group>"; };
		1B3F17D91AE842EA00A70A56 /* Favourites.swift */ = {isa = PBXFileReference; fileEncoding = 4; lastKnownFileType = sourcecode.swift; path = Favourites.swift; sourceTree = "<group>"; };
		1B3F17DB1AE842FC00A70A56 /* FriendsRecipes.swift */ = {isa = PBXFileReference; fileEncoding = 4; lastKnownFileType = sourcecode.swift; path = FriendsRecipes.swift; sourceTree = "<group>"; };
		1B3F17DD1AE8430A00A70A56 /* My Recipes.swift */ = {isa = PBXFileReference; fileEncoding = 4; lastKnownFileType = sourcecode.swift; path = "My Recipes.swift"; sourceTree = "<group>"; };
		1B3F17DF1AE8432E00A70A56 /* ShoppingCart.swift */ = {isa = PBXFileReference; fileEncoding = 4; lastKnownFileType = sourcecode.swift; path = ShoppingCart.swift; sourceTree = "<group>"; };
		1B7CD9401AED558C00D20941 /* CustomCollection.swift */ = {isa = PBXFileReference; fileEncoding = 4; lastKnownFileType = sourcecode.swift; path = CustomCollection.swift; sourceTree = "<group>"; };
		1BA60E8F1AEC587500EAA2F8 /* AllRecipes.swift */ = {isa = PBXFileReference; fileEncoding = 4; lastKnownFileType = sourcecode.swift; path = AllRecipes.swift; sourceTree = "<group>"; };
		1BA60E911AEC595600EAA2F8 /* SwiftCooking-Bridging-Header.h */ = {isa = PBXFileReference; lastKnownFileType = sourcecode.c.h; path = "SwiftCooking-Bridging-Header.h"; sourceTree = "<group>"; };
		1BD278321AF960F900EBB32B /* RecipeSummary.swift */ = {isa = PBXFileReference; fileEncoding = 4; lastKnownFileType = sourcecode.swift; path = RecipeSummary.swift; sourceTree = "<group>"; };
		1BD69CF41AFE9A4700669B3E /* AddRecipe.swift */ = {isa = PBXFileReference; fileEncoding = 4; lastKnownFileType = sourcecode.swift; path = AddRecipe.swift; sourceTree = "<group>"; };
/* End PBXFileReference section */

/* Begin PBXFrameworksBuildPhase section */
		1B3F17AB1AE8400E00A70A56 /* Frameworks */ = {
			isa = PBXFrameworksBuildPhase;
			buildActionMask = 2147483647;
			files = (
			);
			runOnlyForDeploymentPostprocessing = 0;
		};
		1B3F17C31AE8400E00A70A56 /* Frameworks */ = {
			isa = PBXFrameworksBuildPhase;
			buildActionMask = 2147483647;
			files = (
			);
			runOnlyForDeploymentPostprocessing = 0;
		};
/* End PBXFrameworksBuildPhase section */

/* Begin PBXGroup section */
		1B3F17A51AE8400E00A70A56 = {
			isa = PBXGroup;
			children = (
				1B3F17B01AE8400E00A70A56 /* SwiftCooking */,
				1B3F17C91AE8400E00A70A56 /* SwiftCookingTests */,
				1B3F17AF1AE8400E00A70A56 /* Products */,
			);
			sourceTree = "<group>";
		};
		1B3F17AF1AE8400E00A70A56 /* Products */ = {
			isa = PBXGroup;
			children = (
				1B3F17AE1AE8400E00A70A56 /* SwiftCooking.app */,
				1B3F17C61AE8400E00A70A56 /* SwiftCookingTests.xctest */,
			);
			name = Products;
			sourceTree = "<group>";
		};
		1B3F17B01AE8400E00A70A56 /* SwiftCooking */ = {
			isa = PBXGroup;
			children = (
				1B7CD93F1AED51F100D20941 /* CustomCollection */,
				1B3F17D61AE842AF00A70A56 /* View Controllers */,
				1B3F17B31AE8400E00A70A56 /* AppDelegate.swift */,
				1BA60E911AEC595600EAA2F8 /* SwiftCooking-Bridging-Header.h */,
				1B3F17BA1AE8400E00A70A56 /* Main.storyboard */,
				1B3F17BD1AE8400E00A70A56 /* Images.xcassets */,
				1B3F17BF1AE8400E00A70A56 /* LaunchScreen.xib */,
				1B3F17B51AE8400E00A70A56 /* SwiftCooking.xcdatamodeld */,
				1B3F17B11AE8400E00A70A56 /* Supporting Files */,
			);
			path = SwiftCooking;
			sourceTree = "<group>";
		};
		1B3F17B11AE8400E00A70A56 /* Supporting Files */ = {
			isa = PBXGroup;
			children = (
				1B3F17B21AE8400E00A70A56 /* Info.plist */,
			);
			name = "Supporting Files";
			sourceTree = "<group>";
		};
		1B3F17C91AE8400E00A70A56 /* SwiftCookingTests */ = {
			isa = PBXGroup;
			children = (
				1B3F17CC1AE8400E00A70A56 /* SwiftCookingTests.swift */,
				1B3F17CA1AE8400E00A70A56 /* Supporting Files */,
			);
			path = SwiftCookingTests;
			sourceTree = "<group>";
		};
		1B3F17CA1AE8400E00A70A56 /* Supporting Files */ = {
			isa = PBXGroup;
			children = (
				1B3F17CB1AE8400E00A70A56 /* Info.plist */,
			);
			name = "Supporting Files";
			sourceTree = "<group>";
		};
		1B3F17D61AE842AF00A70A56 /* View Controllers */ = {
			isa = PBXGroup;
			children = (
				1B3F17B81AE8400E00A70A56 /* MainMenu.swift */,
				1B3F17D91AE842EA00A70A56 /* Favourites.swift */,
				1B3F17DB1AE842FC00A70A56 /* FriendsRecipes.swift */,
				1B3F17DD1AE8430A00A70A56 /* My Recipes.swift */,
				1B3F17DF1AE8432E00A70A56 /* ShoppingCart.swift */,
				1BA60E8F1AEC587500EAA2F8 /* AllRecipes.swift */,
				1BD278321AF960F900EBB32B /* RecipeSummary.swift */,
				1BD69CF41AFE9A4700669B3E /* AddRecipe.swift */,
			);
			name = "View Controllers";
			sourceTree = "<group>";
		};
		1B7CD93F1AED51F100D20941 /* CustomCollection */ = {
			isa = PBXGroup;
			children = (
				1B7CD9401AED558C00D20941 /* CustomCollection.swift */,
			);
			name = CustomCollection;
			sourceTree = "<group>";
		};
/* End PBXGroup section */

/* Begin PBXNativeTarget section */
		1B3F17AD1AE8400E00A70A56 /* SwiftCooking */ = {
			isa = PBXNativeTarget;
			buildConfigurationList = 1B3F17D01AE8400E00A70A56 /* Build configuration list for PBXNativeTarget "SwiftCooking" */;
			buildPhases = (
				1B3F17AA1AE8400E00A70A56 /* Sources */,
				1B3F17AB1AE8400E00A70A56 /* Frameworks */,
				1B3F17AC1AE8400E00A70A56 /* Resources */,
			);
			buildRules = (
			);
			dependencies = (
			);
			name = SwiftCooking;
			productName = SwiftCooking;
			productReference = 1B3F17AE1AE8400E00A70A56 /* SwiftCooking.app */;
			productType = "com.apple.product-type.application";
		};
		1B3F17C51AE8400E00A70A56 /* SwiftCookingTests */ = {
			isa = PBXNativeTarget;
			buildConfigurationList = 1B3F17D31AE8400E00A70A56 /* Build configuration list for PBXNativeTarget "SwiftCookingTests" */;
			buildPhases = (
				1B3F17C21AE8400E00A70A56 /* Sources */,
				1B3F17C31AE8400E00A70A56 /* Frameworks */,
				1B3F17C41AE8400E00A70A56 /* Resources */,
			);
			buildRules = (
			);
			dependencies = (
				1B3F17C81AE8400E00A70A56 /* PBXTargetDependency */,
			);
			name = SwiftCookingTests;
			productName = SwiftCookingTests;
			productReference = 1B3F17C61AE8400E00A70A56 /* SwiftCookingTests.xctest */;
			productType = "com.apple.product-type.bundle.unit-test";
		};
/* End PBXNativeTarget section */

/* Begin PBXProject section */
		1B3F17A61AE8400E00A70A56 /* Project object */ = {
			isa = PBXProject;
			attributes = {
				LastUpgradeCheck = 0630;
				ORGANIZATIONNAME = "Flávio Silvério";
				TargetAttributes = {
					1B3F17AD1AE8400E00A70A56 = {
						CreatedOnToolsVersion = 6.3;
					};
					1B3F17C51AE8400E00A70A56 = {
						CreatedOnToolsVersion = 6.3;
						TestTargetID = 1B3F17AD1AE8400E00A70A56;
					};
				};
			};
			buildConfigurationList = 1B3F17A91AE8400E00A70A56 /* Build configuration list for PBXProject "SwiftCooking" */;
			compatibilityVersion = "Xcode 3.2";
			developmentRegion = English;
			hasScannedForEncodings = 0;
			knownRegions = (
				en,
				Base,
			);
			mainGroup = 1B3F17A51AE8400E00A70A56;
			productRefGroup = 1B3F17AF1AE8400E00A70A56 /* Products */;
			projectDirPath = "";
			projectRoot = "";
			targets = (
				1B3F17AD1AE8400E00A70A56 /* SwiftCooking */,
				1B3F17C51AE8400E00A70A56 /* SwiftCookingTests */,
			);
		};
/* End PBXProject section */

/* Begin PBXResourcesBuildPhase section */
		1B3F17AC1AE8400E00A70A56 /* Resources */ = {
			isa = PBXResourcesBuildPhase;
			buildActionMask = 2147483647;
			files = (
				1B3F17BC1AE8400E00A70A56 /* Main.storyboard in Resources */,
				1B3F17C11AE8400E00A70A56 /* LaunchScreen.xib in Resources */,
				1B3F17BE1AE8400E00A70A56 /* Images.xcassets in Resources */,
			);
			runOnlyForDeploymentPostprocessing = 0;
		};
		1B3F17C41AE8400E00A70A56 /* Resources */ = {
			isa = PBXResourcesBuildPhase;
			buildActionMask = 2147483647;
			files = (
			);
			runOnlyForDeploymentPostprocessing = 0;
		};
/* End PBXResourcesBuildPhase section */

/* Begin PBXSourcesBuildPhase section */
		1B3F17AA1AE8400E00A70A56 /* Sources */ = {
			isa = PBXSourcesBuildPhase;
			buildActionMask = 2147483647;
			files = (
				1BD69CF51AFE9A4700669B3E /* AddRecipe.swift in Sources */,
				1B3F17DA1AE842EA00A70A56 /* Favourites.swift in Sources */,
				1B3F17DC1AE842FC00A70A56 /* FriendsRecipes.swift in Sources */,
				1B7CD9411AED558C00D20941 /* CustomCollection.swift in Sources */,
				1BA60E901AEC587500EAA2F8 /* AllRecipes.swift in Sources */,
				1B3F17B91AE8400E00A70A56 /* MainMenu.swift in Sources */,
				1B3F17B71AE8400E00A70A56 /* SwiftCooking.xcdatamodeld in Sources */,
				1B3F17B41AE8400E00A70A56 /* AppDelegate.swift in Sources */,
				1B3F17DE1AE8430A00A70A56 /* My Recipes.swift in Sources */,
				1BD278331AF960F900EBB32B /* RecipeSummary.swift in Sources */,
				1B3F17E01AE8432E00A70A56 /* ShoppingCart.swift in Sources */,
			);
			runOnlyForDeploymentPostprocessing = 0;
		};
		1B3F17C21AE8400E00A70A56 /* Sources */ = {
			isa = PBXSourcesBuildPhase;
			buildActionMask = 2147483647;
			files = (
				1B3F17CD1AE8400E00A70A56 /* SwiftCookingTests.swift in Sources */,
			);
			runOnlyForDeploymentPostprocessing = 0;
		};
/* End PBXSourcesBuildPhase section */

/* Begin PBXTargetDependency section */
		1B3F17C81AE8400E00A70A56 /* PBXTargetDependency */ = {
			isa = PBXTargetDependency;
			target = 1B3F17AD1AE8400E00A70A56 /* SwiftCooking */;
			targetProxy = 1B3F17C71AE8400E00A70A56 /* PBXContainerItemProxy */;
		};
/* End PBXTargetDependency section */

/* Begin PBXVariantGroup section */
		1B3F17BA1AE8400E00A70A56 /* Main.storyboard */ = {
			isa = PBXVariantGroup;
			children = (
				1B3F17BB1AE8400E00A70A56 /* Base */,
			);
			name = Main.storyboard;
			sourceTree = "<group>";
		};
		1B3F17BF1AE8400E00A70A56 /* LaunchScreen.xib */ = {
			isa = PBXVariantGroup;
			children = (
				1B3F17C01AE8400E00A70A56 /* Base */,
			);
			name = LaunchScreen.xib;
			sourceTree = "<group>";
		};
/* End PBXVariantGroup section */

/* Begin XCBuildConfiguration section */
		1B3F17CE1AE8400E00A70A56 /* Debug */ = {
			isa = XCBuildConfiguration;
			buildSettings = {
				ALWAYS_SEARCH_USER_PATHS = NO;
				CLANG_CXX_LANGUAGE_STANDARD = "gnu++0x";
				CLANG_CXX_LIBRARY = "libc++";
				CLANG_ENABLE_MODULES = YES;
				CLANG_ENABLE_OBJC_ARC = YES;
				CLANG_WARN_BOOL_CONVERSION = YES;
				CLANG_WARN_CONSTANT_CONVERSION = YES;
				CLANG_WARN_DIRECT_OBJC_ISA_USAGE = YES_ERROR;
				CLANG_WARN_EMPTY_BODY = YES;
				CLANG_WARN_ENUM_CONVERSION = YES;
				CLANG_WARN_INT_CONVERSION = YES;
				CLANG_WARN_OBJC_ROOT_CLASS = YES_ERROR;
				CLANG_WARN_UNREACHABLE_CODE = YES;
				CLANG_WARN__DUPLICATE_METHOD_MATCH = YES;
				"CODE_SIGN_IDENTITY[sdk=iphoneos*]" = "iPhone Developer";
				COPY_PHASE_STRIP = NO;
				DEBUG_INFORMATION_FORMAT = "dwarf-with-dsym";
				ENABLE_STRICT_OBJC_MSGSEND = YES;
				GCC_C_LANGUAGE_STANDARD = gnu99;
				GCC_DYNAMIC_NO_PIC = NO;
				GCC_NO_COMMON_BLOCKS = YES;
				GCC_OPTIMIZATION_LEVEL = 0;
				GCC_PREPROCESSOR_DEFINITIONS = (
					"DEBUG=1",
					"$(inherited)",
				);
				GCC_SYMBOLS_PRIVATE_EXTERN = NO;
				GCC_WARN_64_TO_32_BIT_CONVERSION = YES;
				GCC_WARN_ABOUT_RETURN_TYPE = YES_ERROR;
				GCC_WARN_UNDECLARED_SELECTOR = YES;
				GCC_WARN_UNINITIALIZED_AUTOS = YES_AGGRESSIVE;
				GCC_WARN_UNUSED_FUNCTION = YES;
				GCC_WARN_UNUSED_VARIABLE = YES;
				IPHONEOS_DEPLOYMENT_TARGET = 8.3;
				MTL_ENABLE_DEBUG_INFO = YES;
				ONLY_ACTIVE_ARCH = YES;
				SDKROOT = iphoneos;
				SWIFT_OPTIMIZATION_LEVEL = "-Onone";
				TARGETED_DEVICE_FAMILY = "1,2";
			};
			name = Debug;
		};
		1B3F17CF1AE8400E00A70A56 /* Release */ = {
			isa = XCBuildConfiguration;
			buildSettings = {
				ALWAYS_SEARCH_USER_PATHS = NO;
				CLANG_CXX_LANGUAGE_STANDARD = "gnu++0x";
				CLANG_CXX_LIBRARY = "libc++";
				CLANG_ENABLE_MODULES = YES;
				CLANG_ENABLE_OBJC_ARC = YES;
				CLANG_WARN_BOOL_CONVERSION = YES;
				CLANG_WARN_CONSTANT_CONVERSION = YES;
				CLANG_WARN_DIRECT_OBJC_ISA_USAGE = YES_ERROR;
				CLANG_WARN_EMPTY_BODY = YES;
				CLANG_WARN_ENUM_CONVERSION = YES;
				CLANG_WARN_INT_CONVERSION = YES;
				CLANG_WARN_OBJC_ROOT_CLASS = YES_ERROR;
				CLANG_WARN_UNREACHABLE_CODE = YES;
				CLANG_WARN__DUPLICATE_METHOD_MATCH = YES;
				"CODE_SIGN_IDENTITY[sdk=iphoneos*]" = "iPhone Developer";
				COPY_PHASE_STRIP = NO;
				DEBUG_INFORMATION_FORMAT = "dwarf-with-dsym";
				ENABLE_NS_ASSERTIONS = NO;
				ENABLE_STRICT_OBJC_MSGSEND = YES;
				GCC_C_LANGUAGE_STANDARD = gnu99;
				GCC_NO_COMMON_BLOCKS = YES;
				GCC_WARN_64_TO_32_BIT_CONVERSION = YES;
				GCC_WARN_ABOUT_RETURN_TYPE = YES_ERROR;
				GCC_WARN_UNDECLARED_SELECTOR = YES;
				GCC_WARN_UNINITIALIZED_AUTOS = YES_AGGRESSIVE;
				GCC_WARN_UNUSED_FUNCTION = YES;
				GCC_WARN_UNUSED_VARIABLE = YES;
				IPHONEOS_DEPLOYMENT_TARGET = 8.3;
				MTL_ENABLE_DEBUG_INFO = NO;
				SDKROOT = iphoneos;
				TARGETED_DEVICE_FAMILY = "1,2";
				VALIDATE_PRODUCT = YES;
			};
			name = Release;
		};
		1B3F17D11AE8400E00A70A56 /* Debug */ = {
			isa = XCBuildConfiguration;
			buildSettings = {
				ASSETCATALOG_COMPILER_APPICON_NAME = AppIcon;
				CLANG_ENABLE_MODULES = YES;
				INFOPLIST_FILE = SwiftCooking/Info.plist;
				LD_RUNPATH_SEARCH_PATHS = "$(inherited) @executable_path/Frameworks";
				PRODUCT_NAME = "$(TARGET_NAME)";
				SWIFT_OBJC_BRIDGING_HEADER = "SwiftCooking/SwiftCooking-Bridging-Header.h";
				SWIFT_OPTIMIZATION_LEVEL = "-Onone";
			};
			name = Debug;
		};
		1B3F17D21AE8400E00A70A56 /* Release */ = {
			isa = XCBuildConfiguration;
			buildSettings = {
				ASSETCATALOG_COMPILER_APPICON_NAME = AppIcon;
				CLANG_ENABLE_MODULES = YES;
				INFOPLIST_FILE = SwiftCooking/Info.plist;
				LD_RUNPATH_SEARCH_PATHS = "$(inherited) @executable_path/Frameworks";
				PRODUCT_NAME = "$(TARGET_NAME)";
				SWIFT_OBJC_BRIDGING_HEADER = "SwiftCooking/SwiftCooking-Bridging-Header.h";
			};
			name = Release;
		};
		1B3F17D41AE8400E00A70A56 /* Debug */ = {
			isa = XCBuildConfiguration;
			buildSettings = {
				BUNDLE_LOADER = "$(TEST_HOST)";
				FRAMEWORK_SEARCH_PATHS = (
					"$(SDKROOT)/Developer/Library/Frameworks",
					"$(inherited)",
				);
				GCC_PREPROCESSOR_DEFINITIONS = (
					"DEBUG=1",
					"$(inherited)",
				);
				INFOPLIST_FILE = SwiftCookingTests/Info.plist;
				LD_RUNPATH_SEARCH_PATHS = "$(inherited) @executable_path/Frameworks @loader_path/Frameworks";
				PRODUCT_NAME = "$(TARGET_NAME)";
				TEST_HOST = "$(BUILT_PRODUCTS_DIR)/SwiftCooking.app/SwiftCooking";
			};
			name = Debug;
		};
		1B3F17D51AE8400E00A70A56 /* Release */ = {
			isa = XCBuildConfiguration;
			buildSettings = {
				BUNDLE_LOADER = "$(TEST_HOST)";
				FRAMEWORK_SEARCH_PATHS = (
					"$(SDKROOT)/Developer/Library/Frameworks",
					"$(inherited)",
				);
				INFOPLIST_FILE = SwiftCookingTests/Info.plist;
				LD_RUNPATH_SEARCH_PATHS = "$(inherited) @executable_path/Frameworks @loader_path/Frameworks";
				PRODUCT_NAME = "$(TARGET_NAME)";
				TEST_HOST = "$(BUILT_PRODUCTS_DIR)/SwiftCooking.app/SwiftCooking";
			};
			name = Release;
		};
/* End XCBuildConfiguration section */

/* Begin XCConfigurationList section */
		1B3F17A91AE8400E00A70A56 /* Build configuration list for PBXProject "SwiftCooking" */ = {
			isa = XCConfigurationList;
			buildConfigurations = (
				1B3F17CE1AE8400E00A70A56 /* Debug */,
				1B3F17CF1AE8400E00A70A56 /* Release */,
			);
			defaultConfigurationIsVisible = 0;
			defaultConfigurationName = Release;
		};
		1B3F17D01AE8400E00A70A56 /* Build configuration list for PBXNativeTarget "SwiftCooking" */ = {
			isa = XCConfigurationList;
			buildConfigurations = (
				1B3F17D11AE8400E00A70A56 /* Debug */,
				1B3F17D21AE8400E00A70A56 /* Release */,
			);
			defaultConfigurationIsVisible = 0;
			defaultConfigurationName = Release;
		};
		1B3F17D31AE8400E00A70A56 /* Build configuration list for PBXNativeTarget "SwiftCookingTests" */ = {
			isa = XCConfigurationList;
			buildConfigurations = (
				1B3F17D41AE8400E00A70A56 /* Debug */,
				1B3F17D51AE8400E00A70A56 /* Release */,
			);
			defaultConfigurationIsVisible = 0;
			defaultConfigurationName = Release;
		};
/* End XCConfigurationList section */

/* Begin XCVersionGroup section */
		1B3F17B51AE8400E00A70A56 /* SwiftCooking.xcdatamodeld */ = {
			isa = XCVersionGroup;
			children = (
				1B3F17B61AE8400E00A70A56 /* SwiftCooking.xcdatamodel */,
			);
			currentVersion = 1B3F17B61AE8400E00A70A56 /* SwiftCooking.xcdatamodel */;
			path = SwiftCooking.xcdatamodeld;
			sourceTree = "<group>";
			versionGroupType = wrapper.xcdatamodel;
		};
/* End XCVersionGroup section */
	};
	rootObject = 1B3F17A61AE8400E00A70A56 /* Project object */;
}
